// !$*UTF8*$!
{
	archiveVersion = 1;
	classes = {
	};
	objectVersion = 55;
	objects = {

/* Begin PBXBuildFile section */
		21BB793A28BABE48005A7D9D /* TeebApp.swift in Sources */ = {isa = PBXBuildFile; fileRef = 21BB793928BABE48005A7D9D /* TeebApp.swift */; };
		21BB793C28BABE48005A7D9D /* ContentView.swift in Sources */ = {isa = PBXBuildFile; fileRef = 21BB793B28BABE48005A7D9D /* ContentView.swift */; };
		21BB793E28BABE4A005A7D9D /* Assets.xcassets in Resources */ = {isa = PBXBuildFile; fileRef = 21BB793D28BABE4A005A7D9D /* Assets.xcassets */; };
		21BB794128BABE4A005A7D9D /* Preview Assets.xcassets in Resources */ = {isa = PBXBuildFile; fileRef = 21BB794028BABE4A005A7D9D /* Preview Assets.xcassets */; };
		21BB794828BBB363005A7D9D /* HomeView.swift in Sources */ = {isa = PBXBuildFile; fileRef = 21BB794728BBB363005A7D9D /* HomeView.swift */; };
		21BB794C28BBB60B005A7D9D /* ShopsModle.swift in Sources */ = {isa = PBXBuildFile; fileRef = 21BB794B28BBB60B005A7D9D /* ShopsModle.swift */; };
		21BB794E28BBB72A005A7D9D /* ProductModle.swift in Sources */ = {isa = PBXBuildFile; fileRef = 21BB794D28BBB72A005A7D9D /* ProductModle.swift */; };
		21BB795028BBD373005A7D9D /* Shopping.swift in Sources */ = {isa = PBXBuildFile; fileRef = 21BB794F28BBD373005A7D9D /* Shopping.swift */; };
		21BB795C28BCED76005A7D9D /* PlayfairDisplay-Italic-VariableFont_wght.ttf in Resources */ = {isa = PBXBuildFile; fileRef = 21BB795B28BCED76005A7D9D /* PlayfairDisplay-Italic-VariableFont_wght.ttf */; };
		21BB795F28BCEF61005A7D9D /* Cairo-VariableFont_wght.ttf in Resources */ = {isa = PBXBuildFile; fileRef = 21BB795E28BCEF61005A7D9D /* Cairo-VariableFont_wght.ttf */; };
		21BB796328BEA83A005A7D9D /* CartPage.swift in Sources */ = {isa = PBXBuildFile; fileRef = 21BB796228BEA83A005A7D9D /* CartPage.swift */; };
		21BB796928C38799005A7D9D /* CheckOut.swift in Sources */ = {isa = PBXBuildFile; fileRef = 21BB796828C38799005A7D9D /* CheckOut.swift */; };
		21BB796B28C401C3005A7D9D /* SignUp.swift in Sources */ = {isa = PBXBuildFile; fileRef = 21BB796A28C401C3005A7D9D /* SignUp.swift */; };
		21BB796D28C64E0F005A7D9D /* AccountModle.swift in Sources */ = {isa = PBXBuildFile; fileRef = 21BB796C28C64E0F005A7D9D /* AccountModle.swift */; };
		21BB796F28C64F4D005A7D9D /* AdrtessModle.swift in Sources */ = {isa = PBXBuildFile; fileRef = 21BB796E28C64F4D005A7D9D /* AdrtessModle.swift */; };
		21BB797128C6AFA2005A7D9D /* ProfileView.swift in Sources */ = {isa = PBXBuildFile; fileRef = 21BB797028C6AFA2005A7D9D /* ProfileView.swift */; };
/* End PBXBuildFile section */

/* Begin PBXFileReference section */
		21BB793628BABE48005A7D9D /* Teeb.app */ = {isa = PBXFileReference; explicitFileType = wrapper.application; includeInIndex = 0; path = Teeb.app; sourceTree = BUILT_PRODUCTS_DIR; };
		21BB793928BABE48005A7D9D /* TeebApp.swift */ = {isa = PBXFileReference; lastKnownFileType = sourcecode.swift; path = TeebApp.swift; sourceTree = "<group>"; };
		21BB793B28BABE48005A7D9D /* ContentView.swift */ = {isa = PBXFileReference; lastKnownFileType = sourcecode.swift; path = ContentView.swift; sourceTree = "<group>"; };
		21BB793D28BABE4A005A7D9D /* Assets.xcassets */ = {isa = PBXFileReference; lastKnownFileType = folder.assetcatalog; path = Assets.xcassets; sourceTree = "<group>"; };
		21BB794028BABE4A005A7D9D /* Preview Assets.xcassets */ = {isa = PBXFileReference; lastKnownFileType = folder.assetcatalog; path = "Preview Assets.xcassets"; sourceTree = "<group>"; };
		21BB794728BBB363005A7D9D /* HomeView.swift */ = {isa = PBXFileReference; lastKnownFileType = sourcecode.swift; path = HomeView.swift; sourceTree = "<group>"; };
		21BB794B28BBB60B005A7D9D /* ShopsModle.swift */ = {isa = PBXFileReference; lastKnownFileType = sourcecode.swift; path = ShopsModle.swift; sourceTree = "<group>"; };
		21BB794D28BBB72A005A7D9D /* ProductModle.swift */ = {isa = PBXFileReference; lastKnownFileType = sourcecode.swift; path = ProductModle.swift; sourceTree = "<group>"; };
		21BB794F28BBD373005A7D9D /* Shopping.swift */ = {isa = PBXFileReference; lastKnownFileType = sourcecode.swift; path = Shopping.swift; sourceTree = "<group>"; };
		21BB795728BCE8E9005A7D9D /* Info.plist */ = {isa = PBXFileReference; lastKnownFileType = text.plist.xml; path = Info.plist; sourceTree = "<group>"; };
		21BB795A28BCED50005A7D9D /* YanoneKaffeesatz-VariableFont_wght.ttf */ = {isa = PBXFileReference; lastKnownFileType = file; path = "YanoneKaffeesatz-VariableFont_wght.ttf"; sourceTree = "<group>"; };
		21BB795B28BCED76005A7D9D /* PlayfairDisplay-Italic-VariableFont_wght.ttf */ = {isa = PBXFileReference; lastKnownFileType = file; path = "PlayfairDisplay-Italic-VariableFont_wght.ttf"; sourceTree = "<group>"; };
		21BB795D28BCED7D005A7D9D /* Lemonada-VariableFont_wght.ttf */ = {isa = PBXFileReference; lastKnownFileType = file; path = "Lemonada-VariableFont_wght.ttf"; sourceTree = "<group>"; };
		21BB795E28BCEF61005A7D9D /* Cairo-VariableFont_wght.ttf */ = {isa = PBXFileReference; lastKnownFileType = file; path = "Cairo-VariableFont_wght.ttf"; sourceTree = "<group>"; };
		21BB796228BEA83A005A7D9D /* CartPage.swift */ = {isa = PBXFileReference; lastKnownFileType = sourcecode.swift; path = CartPage.swift; sourceTree = "<group>"; };
		21BB796828C38799005A7D9D /* CheckOut.swift */ = {isa = PBXFileReference; lastKnownFileType = sourcecode.swift; path = CheckOut.swift; sourceTree = "<group>"; };
		21BB796A28C401C3005A7D9D /* SignUp.swift */ = {isa = PBXFileReference; lastKnownFileType = sourcecode.swift; path = SignUp.swift; sourceTree = "<group>"; };
		21BB796C28C64E0F005A7D9D /* AccountModle.swift */ = {isa = PBXFileReference; lastKnownFileType = sourcecode.swift; path = AccountModle.swift; sourceTree = "<group>"; };
		21BB796E28C64F4D005A7D9D /* AdrtessModle.swift */ = {isa = PBXFileReference; lastKnownFileType = sourcecode.swift; path = AdrtessModle.swift; sourceTree = "<group>"; };
		21BB797028C6AFA2005A7D9D /* ProfileView.swift */ = {isa = PBXFileReference; lastKnownFileType = sourcecode.swift; path = ProfileView.swift; sourceTree = "<group>"; };
/* End PBXFileReference section */

/* Begin PBXFrameworksBuildPhase section */
		21BB793328BABE48005A7D9D /* Frameworks */ = {
			isa = PBXFrameworksBuildPhase;
			buildActionMask = 2147483647;
			files = (
			);
			runOnlyForDeploymentPostprocessing = 0;
		};
/* End PBXFrameworksBuildPhase section */

/* Begin PBXGroup section */
		21BB792D28BABE48005A7D9D = {
			isa = PBXGroup;
			children = (
				21BB793828BABE48005A7D9D /* Teeb */,
				21BB793728BABE48005A7D9D /* Products */,
			);
			sourceTree = "<group>";
		};
		21BB793728BABE48005A7D9D /* Products */ = {
			isa = PBXGroup;
			children = (
				21BB793628BABE48005A7D9D /* Teeb.app */,
			);
			name = Products;
			sourceTree = "<group>";
		};
		21BB793828BABE48005A7D9D /* Teeb */ = {
			isa = PBXGroup;
			children = (
				21BB795728BCE8E9005A7D9D /* Info.plist */,
				21BB795928BCED3D005A7D9D /* fonts */,
				21BB793928BABE48005A7D9D /* TeebApp.swift */,
				21BB793B28BABE48005A7D9D /* ContentView.swift */,
				21BB794728BBB363005A7D9D /* HomeView.swift */,
				21BB794B28BBB60B005A7D9D /* ShopsModle.swift */,
				21BB794D28BBB72A005A7D9D /* ProductModle.swift */,
				21BB796228BEA83A005A7D9D /* CartPage.swift */,
				21BB796828C38799005A7D9D /* CheckOut.swift */,
				21BB794F28BBD373005A7D9D /* Shopping.swift */,
				21BB796C28C64E0F005A7D9D /* AccountModle.swift */,
				21BB796A28C401C3005A7D9D /* SignUp.swift */,
				21BB797028C6AFA2005A7D9D /* ProfileView.swift */,
				21BB796E28C64F4D005A7D9D /* AdrtessModle.swift */,
				21BB793D28BABE4A005A7D9D /* Assets.xcassets */,
				21BB793F28BABE4A005A7D9D /* Preview Content */,
			);
			path = Teeb;
			sourceTree = "<group>";
		};
		21BB793F28BABE4A005A7D9D /* Preview Content */ = {
			isa = PBXGroup;
			children = (
				21BB794028BABE4A005A7D9D /* Preview Assets.xcassets */,
			);
			path = "Preview Content";
			sourceTree = "<group>";
		};
		21BB795928BCED3D005A7D9D /* fonts */ = {
			isa = PBXGroup;
			children = (
				21BB795D28BCED7D005A7D9D /* Lemonada-VariableFont_wght.ttf */,
				21BB795E28BCEF61005A7D9D /* Cairo-VariableFont_wght.ttf */,
				21BB795B28BCED76005A7D9D /* PlayfairDisplay-Italic-VariableFont_wght.ttf */,
				21BB795A28BCED50005A7D9D /* YanoneKaffeesatz-VariableFont_wght.ttf */,
			);
			path = fonts;
			sourceTree = "<group>";
		};
/* End PBXGroup section */

/* Begin PBXNativeTarget section */
		21BB793528BABE48005A7D9D /* Teeb */ = {
			isa = PBXNativeTarget;
			buildConfigurationList = 21BB794428BABE4A005A7D9D /* Build configuration list for PBXNativeTarget "Teeb" */;
			buildPhases = (
				21BB793228BABE48005A7D9D /* Sources */,
				21BB793328BABE48005A7D9D /* Frameworks */,
				21BB793428BABE48005A7D9D /* Resources */,
			);
			buildRules = (
			);
			dependencies = (
			);
			name = Teeb;
			productName = Teeb;
			productReference = 21BB793628BABE48005A7D9D /* Teeb.app */;
			productType = "com.apple.product-type.application";
		};
/* End PBXNativeTarget section */

/* Begin PBXProject section */
		21BB792E28BABE48005A7D9D /* Project object */ = {
			isa = PBXProject;
			attributes = {
				BuildIndependentTargetsInParallel = 1;
				LastSwiftUpdateCheck = 1340;
				LastUpgradeCheck = 1340;
				TargetAttributes = {
					21BB793528BABE48005A7D9D = {
						CreatedOnToolsVersion = 13.4.1;
					};
				};
			};
			buildConfigurationList = 21BB793128BABE48005A7D9D /* Build configuration list for PBXProject "Teeb" */;
			compatibilityVersion = "Xcode 13.0";
			developmentRegion = en;
			hasScannedForEncodings = 0;
			knownRegions = (
				en,
				Base,
			);
			mainGroup = 21BB792D28BABE48005A7D9D;
			productRefGroup = 21BB793728BABE48005A7D9D /* Products */;
			projectDirPath = "";
			projectRoot = "";
			targets = (
				21BB793528BABE48005A7D9D /* Teeb */,
			);
		};
/* End PBXProject section */

/* Begin PBXResourcesBuildPhase section */
		21BB793428BABE48005A7D9D /* Resources */ = {
			isa = PBXResourcesBuildPhase;
			buildActionMask = 2147483647;
			files = (
				21BB795F28BCEF61005A7D9D /* Cairo-VariableFont_wght.ttf in Resources */,
				21BB795C28BCED76005A7D9D /* PlayfairDisplay-Italic-VariableFont_wght.ttf in Resources */,
				21BB794128BABE4A005A7D9D /* Preview Assets.xcassets in Resources */,
				21BB793E28BABE4A005A7D9D /* Assets.xcassets in Resources */,
			);
			runOnlyForDeploymentPostprocessing = 0;
		};
/* End PBXResourcesBuildPhase section */

/* Begin PBXSourcesBuildPhase section */
		21BB793228BABE48005A7D9D /* Sources */ = {
			isa = PBXSourcesBuildPhase;
			buildActionMask = 2147483647;
			files = (
				21BB796328BEA83A005A7D9D /* CartPage.swift in Sources */,
				21BB794828BBB363005A7D9D /* HomeView.swift in Sources */,
				21BB795028BBD373005A7D9D /* Shopping.swift in Sources */,
				21BB794E28BBB72A005A7D9D /* ProductModle.swift in Sources */,
				21BB797128C6AFA2005A7D9D /* ProfileView.swift in Sources */,
				21BB794C28BBB60B005A7D9D /* ShopsModle.swift in Sources */,
				21BB793C28BABE48005A7D9D /* ContentView.swift in Sources */,
				21BB793A28BABE48005A7D9D /* TeebApp.swift in Sources */,
				21BB796D28C64E0F005A7D9D /* AccountModle.swift in Sources */,
				21BB796F28C64F4D005A7D9D /* AdrtessModle.swift in Sources */,
				21BB796B28C401C3005A7D9D /* SignUp.swift in Sources */,
				21BB796928C38799005A7D9D /* CheckOut.swift in Sources */,
			);
			runOnlyForDeploymentPostprocessing = 0;
		};
/* End PBXSourcesBuildPhase section */

/* Begin XCBuildConfiguration section */
		21BB794228BABE4A005A7D9D /* Debug */ = {
			isa = XCBuildConfiguration;
			buildSettings = {
				ALWAYS_SEARCH_USER_PATHS = NO;
				CLANG_ANALYZER_NONNULL = YES;
				CLANG_ANALYZER_NUMBER_OBJECT_CONVERSION = YES_AGGRESSIVE;
				CLANG_CXX_LANGUAGE_STANDARD = "gnu++17";
				CLANG_ENABLE_MODULES = YES;
				CLANG_ENABLE_OBJC_ARC = YES;
				CLANG_ENABLE_OBJC_WEAK = YES;
				CLANG_WARN_BLOCK_CAPTURE_AUTORELEASING = YES;
				CLANG_WARN_BOOL_CONVERSION = YES;
				CLANG_WARN_COMMA = YES;
				CLANG_WARN_CONSTANT_CONVERSION = YES;
				CLANG_WARN_DEPRECATED_OBJC_IMPLEMENTATIONS = YES;
				CLANG_WARN_DIRECT_OBJC_ISA_USAGE = YES_ERROR;
				CLANG_WARN_DOCUMENTATION_COMMENTS = YES;
				CLANG_WARN_EMPTY_BODY = YES;
				CLANG_WARN_ENUM_CONVERSION = YES;
				CLANG_WARN_INFINITE_RECURSION = YES;
				CLANG_WARN_INT_CONVERSION = YES;
				CLANG_WARN_NON_LITERAL_NULL_CONVERSION = YES;
				CLANG_WARN_OBJC_IMPLICIT_RETAIN_SELF = YES;
				CLANG_WARN_OBJC_LITERAL_CONVERSION = YES;
				CLANG_WARN_OBJC_ROOT_CLASS = YES_ERROR;
				CLANG_WARN_QUOTED_INCLUDE_IN_FRAMEWORK_HEADER = YES;
				CLANG_WARN_RANGE_LOOP_ANALYSIS = YES;
				CLANG_WARN_STRICT_PROTOTYPES = YES;
				CLANG_WARN_SUSPICIOUS_MOVE = YES;
				CLANG_WARN_UNGUARDED_AVAILABILITY = YES_AGGRESSIVE;
				CLANG_WARN_UNREACHABLE_CODE = YES;
				CLANG_WARN__DUPLICATE_METHOD_MATCH = YES;
				COPY_PHASE_STRIP = NO;
				DEBUG_INFORMATION_FORMAT = dwarf;
				ENABLE_STRICT_OBJC_MSGSEND = YES;
				ENABLE_TESTABILITY = YES;
				GCC_C_LANGUAGE_STANDARD = gnu11;
				GCC_DYNAMIC_NO_PIC = NO;
				GCC_NO_COMMON_BLOCKS = YES;
				GCC_OPTIMIZATION_LEVEL = 0;
				GCC_PREPROCESSOR_DEFINITIONS = (
					"DEBUG=1",
					"$(inherited)",
				);
				GCC_WARN_64_TO_32_BIT_CONVERSION = YES;
				GCC_WARN_ABOUT_RETURN_TYPE = YES_ERROR;
				GCC_WARN_UNDECLARED_SELECTOR = YES;
				GCC_WARN_UNINITIALIZED_AUTOS = YES_AGGRESSIVE;
				GCC_WARN_UNUSED_FUNCTION = YES;
				GCC_WARN_UNUSED_VARIABLE = YES;
				IPHONEOS_DEPLOYMENT_TARGET = 15.5;
				MTL_ENABLE_DEBUG_INFO = INCLUDE_SOURCE;
				MTL_FAST_MATH = YES;
				ONLY_ACTIVE_ARCH = YES;
				SDKROOT = iphoneos;
				SWIFT_ACTIVE_COMPILATION_CONDITIONS = DEBUG;
				SWIFT_OPTIMIZATION_LEVEL = "-Onone";
			};
			name = Debug;
		};
		21BB794328BABE4A005A7D9D /* Release */ = {
			isa = XCBuildConfiguration;
			buildSettings = {
				ALWAYS_SEARCH_USER_PATHS = NO;
				CLANG_ANALYZER_NONNULL = YES;
				CLANG_ANALYZER_NUMBER_OBJECT_CONVERSION = YES_AGGRESSIVE;
				CLANG_CXX_LANGUAGE_STANDARD = "gnu++17";
				CLANG_ENABLE_MODULES = YES;
				CLANG_ENABLE_OBJC_ARC = YES;
				CLANG_ENABLE_OBJC_WEAK = YES;
				CLANG_WARN_BLOCK_CAPTURE_AUTORELEASING = YES;
				CLANG_WARN_BOOL_CONVERSION = YES;
				CLANG_WARN_COMMA = YES;
				CLANG_WARN_CONSTANT_CONVERSION = YES;
				CLANG_WARN_DEPRECATED_OBJC_IMPLEMENTATIONS = YES;
				CLANG_WARN_DIRECT_OBJC_ISA_USAGE = YES_ERROR;
				CLANG_WARN_DOCUMENTATION_COMMENTS = YES;
				CLANG_WARN_EMPTY_BODY = YES;
				CLANG_WARN_ENUM_CONVERSION = YES;
				CLANG_WARN_INFINITE_RECURSION = YES;
				CLANG_WARN_INT_CONVERSION = YES;
				CLANG_WARN_NON_LITERAL_NULL_CONVERSION = YES;
				CLANG_WARN_OBJC_IMPLICIT_RETAIN_SELF = YES;
				CLANG_WARN_OBJC_LITERAL_CONVERSION = YES;
				CLANG_WARN_OBJC_ROOT_CLASS = YES_ERROR;
				CLANG_WARN_QUOTED_INCLUDE_IN_FRAMEWORK_HEADER = YES;
				CLANG_WARN_RANGE_LOOP_ANALYSIS = YES;
				CLANG_WARN_STRICT_PROTOTYPES = YES;
				CLANG_WARN_SUSPICIOUS_MOVE = YES;
				CLANG_WARN_UNGUARDED_AVAILABILITY = YES_AGGRESSIVE;
				CLANG_WARN_UNREACHABLE_CODE = YES;
				CLANG_WARN__DUPLICATE_METHOD_MATCH = YES;
				COPY_PHASE_STRIP = NO;
				DEBUG_INFORMATION_FORMAT = "dwarf-with-dsym";
				ENABLE_NS_ASSERTIONS = NO;
				ENABLE_STRICT_OBJC_MSGSEND = YES;
				GCC_C_LANGUAGE_STANDARD = gnu11;
				GCC_NO_COMMON_BLOCKS = YES;
				GCC_WARN_64_TO_32_BIT_CONVERSION = YES;
				GCC_WARN_ABOUT_RETURN_TYPE = YES_ERROR;
				GCC_WARN_UNDECLARED_SELECTOR = YES;
				GCC_WARN_UNINITIALIZED_AUTOS = YES_AGGRESSIVE;
				GCC_WARN_UNUSED_FUNCTION = YES;
				GCC_WARN_UNUSED_VARIABLE = YES;
				IPHONEOS_DEPLOYMENT_TARGET = 15.5;
				MTL_ENABLE_DEBUG_INFO = NO;
				MTL_FAST_MATH = YES;
				SDKROOT = iphoneos;
				SWIFT_COMPILATION_MODE = wholemodule;
				SWIFT_OPTIMIZATION_LEVEL = "-O";
				VALIDATE_PRODUCT = YES;
			};
			name = Release;
		};
		21BB794528BABE4A005A7D9D /* Debug */ = {
			isa = XCBuildConfiguration;
			buildSettings = {
				ASSETCATALOG_COMPILER_APPICON_NAME = AppIcon;
				ASSETCATALOG_COMPILER_GLOBAL_ACCENT_COLOR_NAME = AccentColor;
				CODE_SIGN_STYLE = Automatic;
				CURRENT_PROJECT_VERSION = 1;
				DEVELOPMENT_ASSET_PATHS = "\"Teeb/Preview Content\"";
				DEVELOPMENT_TEAM = KGH7HUWYA9;
				ENABLE_PREVIEWS = YES;
				GENERATE_INFOPLIST_FILE = YES;
				INFOPLIST_FILE = Teeb/Info.plist;
				INFOPLIST_KEY_UIApplicationSceneManifest_Generation = YES;
				INFOPLIST_KEY_UIApplicationSupportsIndirectInputEvents = YES;
				INFOPLIST_KEY_UILaunchScreen_Generation = YES;
				INFOPLIST_KEY_UISupportedInterfaceOrientations_iPad = "UIInterfaceOrientationPortrait UIInterfaceOrientationPortraitUpsideDown UIInterfaceOrientationLandscapeLeft UIInterfaceOrientationLandscapeRight";
				INFOPLIST_KEY_UISupportedInterfaceOrientations_iPhone = "UIInterfaceOrientationPortrait UIInterfaceOrientationLandscapeLeft UIInterfaceOrientationLandscapeRight";
				LD_RUNPATH_SEARCH_PATHS = (
					"$(inherited)",
					"@executable_path/Frameworks",
				);
				MARKETING_VERSION = 1.0;
				PRODUCT_BUNDLE_IDENTIFIER = com.jamal.Teeb;
				PRODUCT_NAME = "$(TARGET_NAME)";
				SWIFT_EMIT_LOC_STRINGS = YES;
				SWIFT_VERSION = 5.0;
				TARGETED_DEVICE_FAMILY = "1,2";
			};
			name = Debug;
		};
		21BB794628BABE4A005A7D9D /* Release */ = {
			isa = XCBuildConfiguration;
			buildSettings = {
				ASSETCATALOG_COMPILER_APPICON_NAME = AppIcon;
				ASSETCATALOG_COMPILER_GLOBAL_ACCENT_COLOR_NAME = AccentColor;
				CODE_SIGN_STYLE = Automatic;
				CURRENT_PROJECT_VERSION = 1;
				DEVELOPMENT_ASSET_PATHS = "\"Teeb/Preview Content\"";
				DEVELOPMENT_TEAM = KGH7HUWYA9;
				ENABLE_PREVIEWS = YES;
				GENERATE_INFOPLIST_FILE = YES;
				INFOPLIST_FILE = Teeb/Info.plist;
				INFOPLIST_KEY_UIApplicationSceneManifest_Generation = YES;
				INFOPLIST_KEY_UIApplicationSupportsIndirectInputEvents = YES;
				INFOPLIST_KEY_UILaunchScreen_Generation = YES;
				INFOPLIST_KEY_UISupportedInterfaceOrientations_iPad = "UIInterfaceOrientationPortrait UIInterfaceOrientationPortraitUpsideDown UIInterfaceOrientationLandscapeLeft UIInterfaceOrientationLandscapeRight";
				INFOPLIST_KEY_UISupportedInterfaceOrientations_iPhone = "UIInterfaceOrientationPortrait UIInterfaceOrientationLandscapeLeft UIInterfaceOrientationLandscapeRight";
				LD_RUNPATH_SEARCH_PATHS = (
					"$(inherited)",
					"@executable_path/Frameworks",
				);
				MARKETING_VERSION = 1.0;
				PRODUCT_BUNDLE_IDENTIFIER = com.jamal.Teeb;
				PRODUCT_NAME = "$(TARGET_NAME)";
				SWIFT_EMIT_LOC_STRINGS = YES;
				SWIFT_VERSION = 5.0;
				TARGETED_DEVICE_FAMILY = "1,2";
			};
			name = Release;
		};
/* End XCBuildConfiguration section */

/* Begin XCConfigurationList section */
		21BB793128BABE48005A7D9D /* Build configuration list for PBXProject "Teeb" */ = {
			isa = XCConfigurationList;
			buildConfigurations = (
				21BB794228BABE4A005A7D9D /* Debug */,
				21BB794328BABE4A005A7D9D /* Release */,
			);
			defaultConfigurationIsVisible = 0;
			defaultConfigurationName = Release;
		};
		21BB794428BABE4A005A7D9D /* Build configuration list for PBXNativeTarget "Teeb" */ = {
			isa = XCConfigurationList;
			buildConfigurations = (
				21BB794528BABE4A005A7D9D /* Debug */,
				21BB794628BABE4A005A7D9D /* Release */,
			);
			defaultConfigurationIsVisible = 0;
			defaultConfigurationName = Release;
		};
/* End XCConfigurationList section */
	};
	rootObject = 21BB792E28BABE48005A7D9D /* Project object */;
}
